
Microsoft Visual Studio Solution File, Format Version 12.00
# Visual Studio Version 17
VisualStudioVersion = 17.8.34316.72
MinimumVisualStudioVersion = 10.0.40219.1
Project("{FAE04EC0-301F-11D3-BF4B-00C04F79EFBC}") = "FPTBook", "FPTBook\FPTBook.csproj", "{9AA806B0-684F-41EF-BF7D-7AB5E36A6AFB}"
EndProject
Global
	GlobalSection(SolutionConfigurationPlatforms) = preSolution
		Debug|Any CPU = Debug|Any CPU
		Release|Any CPU = Release|Any CPU
	EndGlobalSection
	GlobalSection(ProjectConfigurationPlatforms) = postSolution
		{9AA806B0-684F-41EF-BF7D-7AB5E36A6AFB}.Debug|Any CPU.ActiveCfg = Debug|Any CPU
		{9AA806B0-684F-41EF-BF7D-7AB5E36A6AFB}.Debug|Any CPU.Build.0 = Debug|Any CPU
		{9AA806B0-684F-41EF-BF7D-7AB5E36A6AFB}.Release|Any CPU.ActiveCfg = Release|Any CPU
		{9AA806B0-684F-41EF-BF7D-7AB5E36A6AFB}.Release|Any CPU.Build.0 = Release|Any CPU
	EndGlobalSection
	GlobalSection(SolutionProperties) = preSolution
		HideSolutionNode = FALSE
	EndGlobalSection
	GlobalSection(ExtensibilityGlobals) = postSolution
		SolutionGuid = {525492EA-7A20-4AED-907C-8E8942428B80}
	EndGlobalSection
EndGlobal
